{
  "object": {
    "pins": [
      {
        "package": "FDWaveformView",
        "repositoryURL": "https://github.com/fulldecent/FDWaveformView.git",
        "state": {
          "branch": null,
          "revision": "8ddf6107d54dccb3892f0a1aa70d5431d61d75f6",
          "version": "5.0.1"
        }
      },
      {
        "package": "ReactiveCocoa",
        "repositoryURL": "https://github.com/ReactiveCocoa/ReactiveCocoa.git",
        "state": {
          "branch": null,
          "revision": "02580542900abb4527d96e1b6ef27bab6812278d",
          "version": "11.2.0"
        }
      },
      {
        "package": "ReactiveSwift",
        "repositoryURL": "https://github.com/ReactiveCocoa/ReactiveSwift.git",
        "state": {
          "branch": null,
          "revision": "4a8e1e4a683e96daf658f68132dae781738bc862",
          "version": "6.6.0"
        }
      }
    ]
  },
  "version": 1
}
